<Solution>
  <Folder Name="/Solution Items/Meta/">
    <File Path="README.md" />
    <File Path="CONTRIBUTING.md" />
    <File Path="LICENSE" />
  </Folder>
  <Folder Name="/Solution Items/Build/">
    <File Path=".editorconfig" />
    <File Path=".gitattributes" />
    <File Path=".gitignore" />
  </Folder>
  <Folder Name="/Solution Items/CI/">
    <File Path=".github/workflows/ci.yml" />
  </Folder>
  <Folder Name="/src/">
    <Project Path="GM.Identity.Sample.API/GM.Identity.Sample.API.csproj" />
    <Project Path="GM.Identity.Sample.Application/GM.Identity.Sample.Application.csproj" />
    <Project Path="GM.Identity.Sample.Common/GM.Identity.Sample.Common.csproj" />
    <Project Path="GM.Identity.Sample.Domain/GM.Identity.Sample.Domain.csproj" />
    <Project Path="GM.Identity.Sample.Gateway.API/GM.Identity.Sample.Gateway.API.csproj" />
    <Project Path="GM.Identity.Sample.Infrastructure/GM.Identity.Sample.Infrastructure.csproj" />
    <Project Path="GM.Identity.Sample.Persistence/GM.Identity.Sample.Persistence.csproj" />
    <Project Path="GM.Identity.Sample.Producer.Worker/GM.Identity.Sample.Producer.Worker.csproj" />
  </Folder>
  <Folder Name="/tests/">
    <Project Path="tests/GM.Identity.Sample.Tests/GM.Identity.Sample.Tests.csproj" />
  </Folder>
</Solution>
